
Microsoft Visual Studio Solution File, Format Version 12.00
# Visual Studio Version 17
VisualStudioVersion = 17.6.33829.357
MinimumVisualStudioVersion = 10.0.40219.1
Project("{2150E333-8FDC-42A3-9474-1A3956D46DE8}") = "src", "src", "{D9BF3382-3EBF-4A96-BC91-1FC82673E295}"
EndProject
Project("{2150E333-8FDC-42A3-9474-1A3956D46DE8}") = "test", "test", "{58B81E11-B6D8-4815-AE75-BC4177CE1025}"
EndProject
Project("{2150E333-8FDC-42A3-9474-1A3956D46DE8}") = "UI", "UI", "{D2634A61-9591-4A11-8367-4D13D2BCAFCE}"
EndProject
Project("{2150E333-8FDC-42A3-9474-1A3956D46DE8}") = "Core", "Core", "{35FFBDA3-5D77-4090-81ED-A01967540979}"
EndProject
Project("{2150E333-8FDC-42A3-9474-1A3956D46DE8}") = "Infrastructure", "Infrastructure", "{F408C91D-4190-40DC-8FDB-CE2E1137CEC6}"
EndProject
Project("{2150E333-8FDC-42A3-9474-1A3956D46DE8}") = "API", "API", "{AA9E3923-19BE-4149-903F-636F31DB83D6}"
EndProject
Project("{9A19103F-16F7-4668-BE54-9A1E7A4F7556}") = "LeaveManagement.Domain", "LeaveManagement.Domain\LeaveManagement.Domain.csproj", "{B0A28C1A-B4D6-4557-A29A-3295BAD3F53E}"
EndProject
Project("{9A19103F-16F7-4668-BE54-9A1E7A4F7556}") = "LeaveManagement.Application", "LeaveManagement.Application\LeaveManagement.Application.csproj", "{1B6C3536-CDF7-4713-9406-5B348AA2AEEC}"
EndProject
Project("{9A19103F-16F7-4668-BE54-9A1E7A4F7556}") = "LeaveManagement.Persistence", "LeaveManagement.Persistece\LeaveManagement.Persistence.csproj", "{657F4750-4BC1-49F4-821C-500209F98D5C}"
EndProject
Project("{9A19103F-16F7-4668-BE54-9A1E7A4F7556}") = "LeaveManagement.Infrastructure", "LeaveManagement.Infrastructure\LeaveManagement.Infrastructure.csproj", "{5E831955-F3AF-4755-8457-BE7BBA6B7D54}"
EndProject
Project("{FAE04EC0-301F-11D3-BF4B-00C04F79EFBC}") = "LeaveManagement.Api", "LeaveManagement.Api\LeaveManagement.Api.csproj", "{106DBC26-90C2-4415-BD33-22040697CAC9}"
EndProject
Global
	GlobalSection(SolutionConfigurationPlatforms) = preSolution
		Debug|Any CPU = Debug|Any CPU
		Release|Any CPU = Release|Any CPU
	EndGlobalSection
	GlobalSection(ProjectConfigurationPlatforms) = postSolution
		{B0A28C1A-B4D6-4557-A29A-3295BAD3F53E}.Debug|Any CPU.ActiveCfg = Debug|Any CPU
		{B0A28C1A-B4D6-4557-A29A-3295BAD3F53E}.Debug|Any CPU.Build.0 = Debug|Any CPU
		{B0A28C1A-B4D6-4557-A29A-3295BAD3F53E}.Release|Any CPU.ActiveCfg = Release|Any CPU
		{B0A28C1A-B4D6-4557-A29A-3295BAD3F53E}.Release|Any CPU.Build.0 = Release|Any CPU
		{1B6C3536-CDF7-4713-9406-5B348AA2AEEC}.Debug|Any CPU.ActiveCfg = Debug|Any CPU
		{1B6C3536-CDF7-4713-9406-5B348AA2AEEC}.Debug|Any CPU.Build.0 = Debug|Any CPU
		{1B6C3536-CDF7-4713-9406-5B348AA2AEEC}.Release|Any CPU.ActiveCfg = Release|Any CPU
		{1B6C3536-CDF7-4713-9406-5B348AA2AEEC}.Release|Any CPU.Build.0 = Release|Any CPU
		{657F4750-4BC1-49F4-821C-500209F98D5C}.Debug|Any CPU.ActiveCfg = Debug|Any CPU
		{657F4750-4BC1-49F4-821C-500209F98D5C}.Debug|Any CPU.Build.0 = Debug|Any CPU
		{657F4750-4BC1-49F4-821C-500209F98D5C}.Release|Any CPU.ActiveCfg = Release|Any CPU
		{657F4750-4BC1-49F4-821C-500209F98D5C}.Release|Any CPU.Build.0 = Release|Any CPU
		{5E831955-F3AF-4755-8457-BE7BBA6B7D54}.Debug|Any CPU.ActiveCfg = Debug|Any CPU
		{5E831955-F3AF-4755-8457-BE7BBA6B7D54}.Debug|Any CPU.Build.0 = Debug|Any CPU
		{5E831955-F3AF-4755-8457-BE7BBA6B7D54}.Release|Any CPU.ActiveCfg = Release|Any CPU
		{5E831955-F3AF-4755-8457-BE7BBA6B7D54}.Release|Any CPU.Build.0 = Release|Any CPU
		{106DBC26-90C2-4415-BD33-22040697CAC9}.Debug|Any CPU.ActiveCfg = Debug|Any CPU
		{106DBC26-90C2-4415-BD33-22040697CAC9}.Debug|Any CPU.Build.0 = Debug|Any CPU
		{106DBC26-90C2-4415-BD33-22040697CAC9}.Release|Any CPU.ActiveCfg = Release|Any CPU
		{106DBC26-90C2-4415-BD33-22040697CAC9}.Release|Any CPU.Build.0 = Release|Any CPU
	EndGlobalSection
	GlobalSection(SolutionProperties) = preSolution
		HideSolutionNode = FALSE
	EndGlobalSection
	GlobalSection(NestedProjects) = preSolution
		{D2634A61-9591-4A11-8367-4D13D2BCAFCE} = {D9BF3382-3EBF-4A96-BC91-1FC82673E295}
		{35FFBDA3-5D77-4090-81ED-A01967540979} = {D9BF3382-3EBF-4A96-BC91-1FC82673E295}
		{F408C91D-4190-40DC-8FDB-CE2E1137CEC6} = {D9BF3382-3EBF-4A96-BC91-1FC82673E295}
		{AA9E3923-19BE-4149-903F-636F31DB83D6} = {D9BF3382-3EBF-4A96-BC91-1FC82673E295}
		{B0A28C1A-B4D6-4557-A29A-3295BAD3F53E} = {35FFBDA3-5D77-4090-81ED-A01967540979}
		{1B6C3536-CDF7-4713-9406-5B348AA2AEEC} = {35FFBDA3-5D77-4090-81ED-A01967540979}
		{657F4750-4BC1-49F4-821C-500209F98D5C} = {F408C91D-4190-40DC-8FDB-CE2E1137CEC6}
		{5E831955-F3AF-4755-8457-BE7BBA6B7D54} = {F408C91D-4190-40DC-8FDB-CE2E1137CEC6}
		{106DBC26-90C2-4415-BD33-22040697CAC9} = {AA9E3923-19BE-4149-903F-636F31DB83D6}
	EndGlobalSection
	GlobalSection(ExtensibilityGlobals) = postSolution
		SolutionGuid = {C273A247-C35A-4F5B-AC95-99AF2ABDB427}
	EndGlobalSection
EndGlobal
